// !$*UTF8*$!
{
	archiveVersion = 1;
	classes = {
	};
	objectVersion = 56;
	objects = {

/* Begin PBXBuildFile section */
		0E08569928F89EDB0082BE8B /* HomeViewModel.swift in Sources */ = {isa = PBXBuildFile; fileRef = 0E08569828F89EDB0082BE8B /* HomeViewModel.swift */; };
		0E0FC3B428EC73730020C21C /* Extension.swift in Sources */ = {isa = PBXBuildFile; fileRef = 0E0FC3B328EC73730020C21C /* Extension.swift */; };
		0E0FC3B628EC9D410020C21C /* HomeModel.swift in Sources */ = {isa = PBXBuildFile; fileRef = 0E0FC3B528EC9D410020C21C /* HomeModel.swift */; };
		0E4674EF28F48EFB000F4BD7 /* NetworkManage.swift in Sources */ = {isa = PBXBuildFile; fileRef = 0E4674EE28F48EFB000F4BD7 /* NetworkManage.swift */; };
		0E4674F128F49480000F4BD7 /* AuthManger.swift in Sources */ = {isa = PBXBuildFile; fileRef = 0E4674F028F49480000F4BD7 /* AuthManger.swift */; };
		0E47961B28EB0FCC00D8F669 /* AppDelegate.swift in Sources */ = {isa = PBXBuildFile; fileRef = 0E47961A28EB0FCC00D8F669 /* AppDelegate.swift */; };
		0E47961D28EB0FCC00D8F669 /* SceneDelegate.swift in Sources */ = {isa = PBXBuildFile; fileRef = 0E47961C28EB0FCC00D8F669 /* SceneDelegate.swift */; };
		0E47961F28EB0FCC00D8F669 /* ViewController.swift in Sources */ = {isa = PBXBuildFile; fileRef = 0E47961E28EB0FCC00D8F669 /* ViewController.swift */; };
		0E47962228EB0FCC00D8F669 /* Main.storyboard in Resources */ = {isa = PBXBuildFile; fileRef = 0E47962028EB0FCC00D8F669 /* Main.storyboard */; };
		0E47962428EB0FCE00D8F669 /* Assets.xcassets in Resources */ = {isa = PBXBuildFile; fileRef = 0E47962328EB0FCE00D8F669 /* Assets.xcassets */; };
		0E47962728EB0FCE00D8F669 /* LaunchScreen.storyboard in Resources */ = {isa = PBXBuildFile; fileRef = 0E47962528EB0FCE00D8F669 /* LaunchScreen.storyboard */; };
		0E7FD57428EB3C6C006359F9 /* LoginView.swift in Sources */ = {isa = PBXBuildFile; fileRef = 0E7FD57328EB3C6C006359F9 /* LoginView.swift */; };
/* End PBXBuildFile section */

/* Begin PBXFileReference section */
		0E08569828F89EDB0082BE8B /* HomeViewModel.swift */ = {isa = PBXFileReference; lastKnownFileType = sourcecode.swift; path = HomeViewModel.swift; sourceTree = "<group>"; };
		0E0FC3B328EC73730020C21C /* Extension.swift */ = {isa = PBXFileReference; lastKnownFileType = sourcecode.swift; path = Extension.swift; sourceTree = "<group>"; };
		0E0FC3B528EC9D410020C21C /* HomeModel.swift */ = {isa = PBXFileReference; lastKnownFileType = sourcecode.swift; path = HomeModel.swift; sourceTree = "<group>"; };
		0E4674EE28F48EFB000F4BD7 /* NetworkManage.swift */ = {isa = PBXFileReference; lastKnownFileType = sourcecode.swift; path = NetworkManage.swift; sourceTree = "<group>"; };
		0E4674F028F49480000F4BD7 /* AuthManger.swift */ = {isa = PBXFileReference; lastKnownFileType = sourcecode.swift; path = AuthManger.swift; sourceTree = "<group>"; };
		0E47961728EB0FCC00D8F669 /* Bonfire 1.0.app */ = {isa = PBXFileReference; explicitFileType = wrapper.application; includeInIndex = 0; path = "Bonfire 1.0.app"; sourceTree = BUILT_PRODUCTS_DIR; };
		0E47961A28EB0FCC00D8F669 /* AppDelegate.swift */ = {isa = PBXFileReference; lastKnownFileType = sourcecode.swift; path = AppDelegate.swift; sourceTree = "<group>"; };
		0E47961C28EB0FCC00D8F669 /* SceneDelegate.swift */ = {isa = PBXFileReference; lastKnownFileType = sourcecode.swift; path = SceneDelegate.swift; sourceTree = "<group>"; };
		0E47961E28EB0FCC00D8F669 /* ViewController.swift */ = {isa = PBXFileReference; lastKnownFileType = sourcecode.swift; path = ViewController.swift; sourceTree = "<group>"; };
		0E47962128EB0FCC00D8F669 /* Base */ = {isa = PBXFileReference; lastKnownFileType = file.storyboard; name = Base; path = Base.lproj/Main.storyboard; sourceTree = "<group>"; };
		0E47962328EB0FCE00D8F669 /* Assets.xcassets */ = {isa = PBXFileReference; lastKnownFileType = folder.assetcatalog; path = Assets.xcassets; sourceTree = "<group>"; };
		0E47962628EB0FCE00D8F669 /* Base */ = {isa = PBXFileReference; lastKnownFileType = file.storyboard; name = Base; path = Base.lproj/LaunchScreen.storyboard; sourceTree = "<group>"; };
		0E47962828EB0FCE00D8F669 /* Info.plist */ = {isa = PBXFileReference; lastKnownFileType = text.plist.xml; path = Info.plist; sourceTree = "<group>"; };
		0E7FD57328EB3C6C006359F9 /* LoginView.swift */ = {isa = PBXFileReference; lastKnownFileType = sourcecode.swift; path = LoginView.swift; sourceTree = "<group>"; };
/* End PBXFileReference section */

/* Begin PBXFrameworksBuildPhase section */
		0E47961428EB0FCC00D8F669 /* Frameworks */ = {
			isa = PBXFrameworksBuildPhase;
			buildActionMask = 2147483647;
			files = (
			);
			runOnlyForDeploymentPostprocessing = 0;
		};
/* End PBXFrameworksBuildPhase section */

/* Begin PBXGroup section */
		0E4674ED28F48EAD000F4BD7 /* NetworkManager */ = {
			isa = PBXGroup;
			children = (
				0E4674EE28F48EFB000F4BD7 /* NetworkManage.swift */,
				0E4674F028F49480000F4BD7 /* AuthManger.swift */,
			);
			name = NetworkManager;
			sourceTree = "<group>";
		};
		0E47960E28EB0FCC00D8F669 = {
			isa = PBXGroup;
			children = (
				0E4674ED28F48EAD000F4BD7 /* NetworkManager */,
				0E47961928EB0FCC00D8F669 /* Bonfire 1.0 */,
				0E47961828EB0FCC00D8F669 /* Products */,
			);
			sourceTree = "<group>";
		};
		0E47961828EB0FCC00D8F669 /* Products */ = {
			isa = PBXGroup;
			children = (
				0E47961728EB0FCC00D8F669 /* Bonfire 1.0.app */,
			);
			name = Products;
			sourceTree = "<group>";
		};
		0E47961928EB0FCC00D8F669 /* Bonfire 1.0 */ = {
			isa = PBXGroup;
			children = (
				0E47961A28EB0FCC00D8F669 /* AppDelegate.swift */,
				0E47961C28EB0FCC00D8F669 /* SceneDelegate.swift */,
				0E7FD57628EB3D6E006359F9 /* Login */,
				0E7FD57528EB3D45006359F9 /* Home */,
				0E47962328EB0FCE00D8F669 /* Assets.xcassets */,
				0E47962528EB0FCE00D8F669 /* LaunchScreen.storyboard */,
				0E47962828EB0FCE00D8F669 /* Info.plist */,
				0E0FC3B328EC73730020C21C /* Extension.swift */,
			);
			path = "Bonfire 1.0";
			sourceTree = "<group>";
		};
		0E7FD57528EB3D45006359F9 /* Home */ = {
			isa = PBXGroup;
			children = (
				0E47961E28EB0FCC00D8F669 /* ViewController.swift */,
				0E0FC3B528EC9D410020C21C /* HomeModel.swift */,
				0E08569828F89EDB0082BE8B /* HomeViewModel.swift */,
				0E47962028EB0FCC00D8F669 /* Main.storyboard */,
			);
			path = Home;
			sourceTree = "<group>";
		};
		0E7FD57628EB3D6E006359F9 /* Login */ = {
			isa = PBXGroup;
			children = (
				0E7FD57328EB3C6C006359F9 /* LoginView.swift */,
			);
			path = Login;
			sourceTree = "<group>";
		};
/* End PBXGroup section */

/* Begin PBXNativeTarget section */
		0E47961628EB0FCC00D8F669 /* Bonfire 1.0 */ = {
			isa = PBXNativeTarget;
			buildConfigurationList = 0E47962B28EB0FCE00D8F669 /* Build configuration list for PBXNativeTarget "Bonfire 1.0" */;
			buildPhases = (
				0E47961328EB0FCC00D8F669 /* Sources */,
				0E47961428EB0FCC00D8F669 /* Frameworks */,
				0E47961528EB0FCC00D8F669 /* Resources */,
			);
			buildRules = (
			);
			dependencies = (
			);
			name = "Bonfire 1.0";
			productName = "Bonfire 1.0";
			productReference = 0E47961728EB0FCC00D8F669 /* Bonfire 1.0.app */;
			productType = "com.apple.product-type.application";
		};
/* End PBXNativeTarget section */

/* Begin PBXProject section */
		0E47960F28EB0FCC00D8F669 /* Project object */ = {
			isa = PBXProject;
			attributes = {
				BuildIndependentTargetsInParallel = 1;
				LastSwiftUpdateCheck = 1400;
				LastUpgradeCheck = 1400;
				TargetAttributes = {
					0E47961628EB0FCC00D8F669 = {
						CreatedOnToolsVersion = 14.0.1;
						LastSwiftMigration = 1400;
					};
				};
			};
			buildConfigurationList = 0E47961228EB0FCC00D8F669 /* Build configuration list for PBXProject "Bonfire 1.0" */;
			compatibilityVersion = "Xcode 14.0";
			developmentRegion = en;
			hasScannedForEncodings = 0;
			knownRegions = (
				en,
				Base,
			);
			mainGroup = 0E47960E28EB0FCC00D8F669;
			productRefGroup = 0E47961828EB0FCC00D8F669 /* Products */;
			projectDirPath = "";
			projectRoot = "";
			targets = (
				0E47961628EB0FCC00D8F669 /* Bonfire 1.0 */,
			);
		};
/* End PBXProject section */

/* Begin PBXResourcesBuildPhase section */
		0E47961528EB0FCC00D8F669 /* Resources */ = {
			isa = PBXResourcesBuildPhase;
			buildActionMask = 2147483647;
			files = (
				0E47962728EB0FCE00D8F669 /* LaunchScreen.storyboard in Resources */,
				0E47962428EB0FCE00D8F669 /* Assets.xcassets in Resources */,
				0E47962228EB0FCC00D8F669 /* Main.storyboard in Resources */,
			);
			runOnlyForDeploymentPostprocessing = 0;
		};
/* End PBXResourcesBuildPhase section */

/* Begin PBXSourcesBuildPhase section */
		0E47961328EB0FCC00D8F669 /* Sources */ = {
			isa = PBXSourcesBuildPhase;
			buildActionMask = 2147483647;
			files = (
				0E47961F28EB0FCC00D8F669 /* ViewController.swift in Sources */,
				0E08569928F89EDB0082BE8B /* HomeViewModel.swift in Sources */,
				0E47961B28EB0FCC00D8F669 /* AppDelegate.swift in Sources */,
				0E0FC3B628EC9D410020C21C /* HomeModel.swift in Sources */,
				0E4674EF28F48EFB000F4BD7 /* NetworkManage.swift in Sources */,
				0E0FC3B428EC73730020C21C /* Extension.swift in Sources */,
				0E7FD57428EB3C6C006359F9 /* LoginView.swift in Sources */,
				0E47961D28EB0FCC00D8F669 /* SceneDelegate.swift in Sources */,
				0E4674F128F49480000F4BD7 /* AuthManger.swift in Sources */,
			);
			runOnlyForDeploymentPostprocessing = 0;
		};
/* End PBXSourcesBuildPhase section */

/* Begin PBXVariantGroup section */
		0E47962028EB0FCC00D8F669 /* Main.storyboard */ = {
			isa = PBXVariantGroup;
			children = (
				0E47962128EB0FCC00D8F669 /* Base */,
			);
			name = Main.storyboard;
			sourceTree = "<group>";
		};
		0E47962528EB0FCE00D8F669 /* LaunchScreen.storyboard */ = {
			isa = PBXVariantGroup;
			children = (
				0E47962628EB0FCE00D8F669 /* Base */,
			);
			name = LaunchScreen.storyboard;
			sourceTree = "<group>";
		};
/* End PBXVariantGroup section */

/* Begin XCBuildConfiguration section */
		0E47962928EB0FCE00D8F669 /* Debug */ = {
			isa = XCBuildConfiguration;
			buildSettings = {
				ALWAYS_SEARCH_USER_PATHS = NO;
				CLANG_ANALYZER_NONNULL = YES;
				CLANG_ANALYZER_NUMBER_OBJECT_CONVERSION = YES_AGGRESSIVE;
				CLANG_CXX_LANGUAGE_STANDARD = "gnu++20";
				CLANG_ENABLE_MODULES = YES;
				CLANG_ENABLE_OBJC_ARC = YES;
				CLANG_ENABLE_OBJC_WEAK = YES;
				CLANG_WARN_BLOCK_CAPTURE_AUTORELEASING = YES;
				CLANG_WARN_BOOL_CONVERSION = YES;
				CLANG_WARN_COMMA = YES;
				CLANG_WARN_CONSTANT_CONVERSION = YES;
				CLANG_WARN_DEPRECATED_OBJC_IMPLEMENTATIONS = YES;
				CLANG_WARN_DIRECT_OBJC_ISA_USAGE = YES_ERROR;
				CLANG_WARN_DOCUMENTATION_COMMENTS = YES;
				CLANG_WARN_EMPTY_BODY = YES;
				CLANG_WARN_ENUM_CONVERSION = YES;
				CLANG_WARN_INFINITE_RECURSION = YES;
				CLANG_WARN_INT_CONVERSION = YES;
				CLANG_WARN_NON_LITERAL_NULL_CONVERSION = YES;
				CLANG_WARN_OBJC_IMPLICIT_RETAIN_SELF = YES;
				CLANG_WARN_OBJC_LITERAL_CONVERSION = YES;
				CLANG_WARN_OBJC_ROOT_CLASS = YES_ERROR;
				CLANG_WARN_QUOTED_INCLUDE_IN_FRAMEWORK_HEADER = YES;
				CLANG_WARN_RANGE_LOOP_ANALYSIS = YES;
				CLANG_WARN_STRICT_PROTOTYPES = YES;
				CLANG_WARN_SUSPICIOUS_MOVE = YES;
				CLANG_WARN_UNGUARDED_AVAILABILITY = YES_AGGRESSIVE;
				CLANG_WARN_UNREACHABLE_CODE = YES;
				CLANG_WARN__DUPLICATE_METHOD_MATCH = YES;
				COPY_PHASE_STRIP = NO;
				DEBUG_INFORMATION_FORMAT = dwarf;
				ENABLE_STRICT_OBJC_MSGSEND = YES;
				ENABLE_TESTABILITY = YES;
				GCC_C_LANGUAGE_STANDARD = gnu11;
				GCC_DYNAMIC_NO_PIC = NO;
				GCC_NO_COMMON_BLOCKS = YES;
				GCC_OPTIMIZATION_LEVEL = 0;
				GCC_PREPROCESSOR_DEFINITIONS = (
					"DEBUG=1",
					"$(inherited)",
				);
				GCC_WARN_64_TO_32_BIT_CONVERSION = YES;
				GCC_WARN_ABOUT_RETURN_TYPE = YES_ERROR;
				GCC_WARN_UNDECLARED_SELECTOR = YES;
				GCC_WARN_UNINITIALIZED_AUTOS = YES_AGGRESSIVE;
				GCC_WARN_UNUSED_FUNCTION = YES;
				GCC_WARN_UNUSED_VARIABLE = YES;
				IPHONEOS_DEPLOYMENT_TARGET = 16.0;
				MTL_ENABLE_DEBUG_INFO = INCLUDE_SOURCE;
				MTL_FAST_MATH = YES;
				ONLY_ACTIVE_ARCH = YES;
				SDKROOT = iphoneos;
				SWIFT_ACTIVE_COMPILATION_CONDITIONS = DEBUG;
				SWIFT_OPTIMIZATION_LEVEL = "-Onone";
			};
			name = Debug;
		};
		0E47962A28EB0FCE00D8F669 /* Release */ = {
			isa = XCBuildConfiguration;
			buildSettings = {
				ALWAYS_SEARCH_USER_PATHS = NO;
				CLANG_ANALYZER_NONNULL = YES;
				CLANG_ANALYZER_NUMBER_OBJECT_CONVERSION = YES_AGGRESSIVE;
				CLANG_CXX_LANGUAGE_STANDARD = "gnu++20";
				CLANG_ENABLE_MODULES = YES;
				CLANG_ENABLE_OBJC_ARC = YES;
				CLANG_ENABLE_OBJC_WEAK = YES;
				CLANG_WARN_BLOCK_CAPTURE_AUTORELEASING = YES;
				CLANG_WARN_BOOL_CONVERSION = YES;
				CLANG_WARN_COMMA = YES;
				CLANG_WARN_CONSTANT_CONVERSION = YES;
				CLANG_WARN_DEPRECATED_OBJC_IMPLEMENTATIONS = YES;
				CLANG_WARN_DIRECT_OBJC_ISA_USAGE = YES_ERROR;
				CLANG_WARN_DOCUMENTATION_COMMENTS = YES;
				CLANG_WARN_EMPTY_BODY = YES;
				CLANG_WARN_ENUM_CONVERSION = YES;
				CLANG_WARN_INFINITE_RECURSION = YES;
				CLANG_WARN_INT_CONVERSION = YES;
				CLANG_WARN_NON_LITERAL_NULL_CONVERSION = YES;
				CLANG_WARN_OBJC_IMPLICIT_RETAIN_SELF = YES;
				CLANG_WARN_OBJC_LITERAL_CONVERSION = YES;
				CLANG_WARN_OBJC_ROOT_CLASS = YES_ERROR;
				CLANG_WARN_QUOTED_INCLUDE_IN_FRAMEWORK_HEADER = YES;
				CLANG_WARN_RANGE_LOOP_ANALYSIS = YES;
				CLANG_WARN_STRICT_PROTOTYPES = YES;
				CLANG_WARN_SUSPICIOUS_MOVE = YES;
				CLANG_WARN_UNGUARDED_AVAILABILITY = YES_AGGRESSIVE;
				CLANG_WARN_UNREACHABLE_CODE = YES;
				CLANG_WARN__DUPLICATE_METHOD_MATCH = YES;
				COPY_PHASE_STRIP = NO;
				DEBUG_INFORMATION_FORMAT = "dwarf-with-dsym";
				ENABLE_NS_ASSERTIONS = NO;
				ENABLE_STRICT_OBJC_MSGSEND = YES;
				GCC_C_LANGUAGE_STANDARD = gnu11;
				GCC_NO_COMMON_BLOCKS = YES;
				GCC_WARN_64_TO_32_BIT_CONVERSION = YES;
				GCC_WARN_ABOUT_RETURN_TYPE = YES_ERROR;
				GCC_WARN_UNDECLARED_SELECTOR = YES;
				GCC_WARN_UNINITIALIZED_AUTOS = YES_AGGRESSIVE;
				GCC_WARN_UNUSED_FUNCTION = YES;
				GCC_WARN_UNUSED_VARIABLE = YES;
				IPHONEOS_DEPLOYMENT_TARGET = 16.0;
				MTL_ENABLE_DEBUG_INFO = NO;
				MTL_FAST_MATH = YES;
				SDKROOT = iphoneos;
				SWIFT_COMPILATION_MODE = wholemodule;
				SWIFT_OPTIMIZATION_LEVEL = "-O";
				VALIDATE_PRODUCT = YES;
			};
			name = Release;
		};
		0E47962C28EB0FCE00D8F669 /* Debug */ = {
			isa = XCBuildConfiguration;
			buildSettings = {
				ASSETCATALOG_COMPILER_APPICON_NAME = AppIcon;
				ASSETCATALOG_COMPILER_GLOBAL_ACCENT_COLOR_NAME = AccentColor;
				CLANG_ENABLE_MODULES = YES;
				CODE_SIGN_STYLE = Automatic;
				CURRENT_PROJECT_VERSION = 1;
				GENERATE_INFOPLIST_FILE = YES;
				INFOPLIST_FILE = "Bonfire 1.0/Info.plist";
				INFOPLIST_KEY_UIApplicationSupportsIndirectInputEvents = YES;
				INFOPLIST_KEY_UILaunchStoryboardName = LaunchScreen;
				INFOPLIST_KEY_UIMainStoryboardFile = Main;
				INFOPLIST_KEY_UISupportedInterfaceOrientations_iPad = "UIInterfaceOrientationPortrait UIInterfaceOrientationPortraitUpsideDown UIInterfaceOrientationLandscapeLeft UIInterfaceOrientationLandscapeRight";
				INFOPLIST_KEY_UISupportedInterfaceOrientations_iPhone = "UIInterfaceOrientationPortrait UIInterfaceOrientationLandscapeLeft UIInterfaceOrientationLandscapeRight";
				LD_RUNPATH_SEARCH_PATHS = (
					"$(inherited)",
					"@executable_path/Frameworks",
				);
				MARKETING_VERSION = 1.0;
				PRODUCT_BUNDLE_IDENTIFIER = "luciano.savi-foursys.com.Bonfire-1-0";
				PRODUCT_NAME = "$(TARGET_NAME)";
				SWIFT_EMIT_LOC_STRINGS = YES;
				SWIFT_OBJC_BRIDGING_HEADER = "";
				SWIFT_OPTIMIZATION_LEVEL = "-Onone";
				SWIFT_VERSION = 5.0;
				TARGETED_DEVICE_FAMILY = "1,2";
			};
			name = Debug;
		};
		0E47962D28EB0FCE00D8F669 /* Release */ = {
			isa = XCBuildConfiguration;
			buildSettings = {
				ASSETCATALOG_COMPILER_APPICON_NAME = AppIcon;
				ASSETCATALOG_COMPILER_GLOBAL_ACCENT_COLOR_NAME = AccentColor;
				CLANG_ENABLE_MODULES = YES;
				CODE_SIGN_STYLE = Automatic;
				CURRENT_PROJECT_VERSION = 1;
				GENERATE_INFOPLIST_FILE = YES;
				INFOPLIST_FILE = "Bonfire 1.0/Info.plist";
				INFOPLIST_KEY_UIApplicationSupportsIndirectInputEvents = YES;
				INFOPLIST_KEY_UILaunchStoryboardName = LaunchScreen;
				INFOPLIST_KEY_UIMainStoryboardFile = Main;
				INFOPLIST_KEY_UISupportedInterfaceOrientations_iPad = "UIInterfaceOrientationPortrait UIInterfaceOrientationPortraitUpsideDown UIInterfaceOrientationLandscapeLeft UIInterfaceOrientationLandscapeRight";
				INFOPLIST_KEY_UISupportedInterfaceOrientations_iPhone = "UIInterfaceOrientationPortrait UIInterfaceOrientationLandscapeLeft UIInterfaceOrientationLandscapeRight";
				LD_RUNPATH_SEARCH_PATHS = (
					"$(inherited)",
					"@executable_path/Frameworks",
				);
				MARKETING_VERSION = 1.0;
				PRODUCT_BUNDLE_IDENTIFIER = "luciano.savi-foursys.com.Bonfire-1-0";
				PRODUCT_NAME = "$(TARGET_NAME)";
				SWIFT_EMIT_LOC_STRINGS = YES;
				SWIFT_OBJC_BRIDGING_HEADER = "";
				SWIFT_VERSION = 5.0;
				TARGETED_DEVICE_FAMILY = "1,2";
			};
			name = Release;
		};
/* End XCBuildConfiguration section */

/* Begin XCConfigurationList section */
		0E47961228EB0FCC00D8F669 /* Build configuration list for PBXProject "Bonfire 1.0" */ = {
			isa = XCConfigurationList;
			buildConfigurations = (
				0E47962928EB0FCE00D8F669 /* Debug */,
				0E47962A28EB0FCE00D8F669 /* Release */,
			);
			defaultConfigurationIsVisible = 0;
			defaultConfigurationName = Release;
		};
		0E47962B28EB0FCE00D8F669 /* Build configuration list for PBXNativeTarget "Bonfire 1.0" */ = {
			isa = XCConfigurationList;
			buildConfigurations = (
				0E47962C28EB0FCE00D8F669 /* Debug */,
				0E47962D28EB0FCE00D8F669 /* Release */,
			);
			defaultConfigurationIsVisible = 0;
			defaultConfigurationName = Release;
		};
/* End XCConfigurationList section */
	};
	rootObject = 0E47960F28EB0FCC00D8F669 /* Project object */;
}
